
Microsoft Visual Studio Solution File, Format Version 12.00
# Visual Studio 15
VisualStudioVersion = 15.0.27703.2026
MinimumVisualStudioVersion = 10.0.40219.1
Project("{FAE04EC0-301F-11D3-BF4B-00C04F79EFBC}") = "SampleWebApp", "SampleWebApp\SampleWebApp.csproj", "{42F0AE61-E8B7-43EF-A74E-90340D6AE83D}"
EndProject
Global
	GlobalSection(SolutionConfigurationPlatforms) = preSolution
		Debug|Any CPU = Debug|Any CPU
		Release|Any CPU = Release|Any CPU
	EndGlobalSection
	GlobalSection(ProjectConfigurationPlatforms) = postSolution
		{42F0AE61-E8B7-43EF-A74E-90340D6AE83D}.Debug|Any CPU.ActiveCfg = Debug|Any CPU
		{42F0AE61-E8B7-43EF-A74E-90340D6AE83D}.Debug|Any CPU.Build.0 = Debug|Any CPU
		{42F0AE61-E8B7-43EF-A74E-90340D6AE83D}.Release|Any CPU.ActiveCfg = Release|Any CPU
		{42F0AE61-E8B7-43EF-A74E-90340D6AE83D}.Release|Any CPU.Build.0 = Release|Any CPU
	EndGlobalSection
	GlobalSection(SolutionProperties) = preSolution
		HideSolutionNode = FALSE
	EndGlobalSection
	GlobalSection(ExtensibilityGlobals) = postSolution
		SolutionGuid = {6D07DDED-0BCD-4B8E-B5E1-3CF8C68D582B}
	EndGlobalSection
EndGlobal
